Microsoft Visual Studio Solution File, Format Version 12.00
# Visual Studio Version 16
VisualStudioVersion = 16.0.29911.84
MinimumVisualStudioVersion = 10.0.40219.1
Project("{8BC9CEB8-8B4A-11D0-8D11-00A0C91BC942}") = "GoogleTests", "GoogleTests\GoogleTests.vcxproj", "{F8D15ED7-1265-3572-8043-3837143D986E}"
EndProject
Project("{8BC9CEB8-8B4A-11D0-8D11-00A0C91BC942}") = "Prototype", "Prototype\Prototype.vcxproj", "{D14C025A-5369-3961-9DFB-2612AACE7305}"
EndProject
Project("{8BC9CEB8-8B4A-11D0-8D11-00A0C91BC942}") = "gmock_main", "..\..\..\Documents\Qt-Projekte\GoogleTest\googletest\googlemock\gmock_main.vcxproj", "{08D97CCB-FF2F-39D8-AC94-927DF683DFBF}"
EndProject
Project("{8BC9CEB8-8B4A-11D0-8D11-00A0C91BC942}") = "gtest_main", "..\..\..\Documents\Qt-Projekte\GoogleTest\googletest\googletest\gtest_main.vcxproj", "{7AC75CB2-1BE6-31B5-90A4-83FBC16773AD}"
EndProject
Global
	GlobalSection(SolutionConfigurationPlatforms) = preSolution
		Debug|x64 = Debug|x64
		Debug|x86 = Debug|x86
		MinSizeRel|x64 = MinSizeRel|x64
		MinSizeRel|x86 = MinSizeRel|x86
		Release|x64 = Release|x64
		Release|x86 = Release|x86
		RelWithDebInfo|x64 = RelWithDebInfo|x64
		RelWithDebInfo|x86 = RelWithDebInfo|x86
	EndGlobalSection
	GlobalSection(ProjectConfigurationPlatforms) = postSolution
		{F8D15ED7-1265-3572-8043-3837143D986E}.Debug|x64.ActiveCfg = Debug|x64
		{F8D15ED7-1265-3572-8043-3837143D986E}.Debug|x64.Build.0 = Debug|x64
		{F8D15ED7-1265-3572-8043-3837143D986E}.Debug|x86.ActiveCfg = Debug|x64
		{F8D15ED7-1265-3572-8043-3837143D986E}.MinSizeRel|x64.ActiveCfg = Release|x64
		{F8D15ED7-1265-3572-8043-3837143D986E}.MinSizeRel|x64.Build.0 = Release|x64
		{F8D15ED7-1265-3572-8043-3837143D986E}.MinSizeRel|x86.ActiveCfg = Release|x64
		{F8D15ED7-1265-3572-8043-3837143D986E}.MinSizeRel|x86.Build.0 = Release|x64
		{F8D15ED7-1265-3572-8043-3837143D986E}.Release|x64.ActiveCfg = Release|x64
		{F8D15ED7-1265-3572-8043-3837143D986E}.Release|x64.Build.0 = Release|x64
		{F8D15ED7-1265-3572-8043-3837143D986E}.Release|x86.ActiveCfg = Release|x64
		{F8D15ED7-1265-3572-8043-3837143D986E}.RelWithDebInfo|x64.ActiveCfg = Release|x64
		{F8D15ED7-1265-3572-8043-3837143D986E}.RelWithDebInfo|x64.Build.0 = Release|x64
		{F8D15ED7-1265-3572-8043-3837143D986E}.RelWithDebInfo|x86.ActiveCfg = Release|x64
		{F8D15ED7-1265-3572-8043-3837143D986E}.RelWithDebInfo|x86.Build.0 = Release|x64
		{D14C025A-5369-3961-9DFB-2612AACE7305}.Debug|x64.ActiveCfg = Debug|x64
		{D14C025A-5369-3961-9DFB-2612AACE7305}.Debug|x64.Build.0 = Debug|x64
		{D14C025A-5369-3961-9DFB-2612AACE7305}.Debug|x86.ActiveCfg = Debug|x64
		{D14C025A-5369-3961-9DFB-2612AACE7305}.MinSizeRel|x64.ActiveCfg = Release|x64
		{D14C025A-5369-3961-9DFB-2612AACE7305}.MinSizeRel|x64.Build.0 = Release|x64
		{D14C025A-5369-3961-9DFB-2612AACE7305}.MinSizeRel|x86.ActiveCfg = Release|x64
		{D14C025A-5369-3961-9DFB-2612AACE7305}.MinSizeRel|x86.Build.0 = Release|x64
		{D14C025A-5369-3961-9DFB-2612AACE7305}.Release|x64.ActiveCfg = Release|x64
		{D14C025A-5369-3961-9DFB-2612AACE7305}.Release|x64.Build.0 = Release|x64
		{D14C025A-5369-3961-9DFB-2612AACE7305}.Release|x86.ActiveCfg = Release|x64
		{D14C025A-5369-3961-9DFB-2612AACE7305}.RelWithDebInfo|x64.ActiveCfg = Release|x64
		{D14C025A-5369-3961-9DFB-2612AACE7305}.RelWithDebInfo|x64.Build.0 = Release|x64
		{D14C025A-5369-3961-9DFB-2612AACE7305}.RelWithDebInfo|x86.ActiveCfg = Release|x64
		{D14C025A-5369-3961-9DFB-2612AACE7305}.RelWithDebInfo|x86.Build.0 = Release|x64
		{08D97CCB-FF2F-39D8-AC94-927DF683DFBF}.Debug|x64.ActiveCfg = Debug|x64
		{08D97CCB-FF2F-39D8-AC94-927DF683DFBF}.Debug|x64.Build.0 = Debug|x64
		{08D97CCB-FF2F-39D8-AC94-927DF683DFBF}.Debug|x86.ActiveCfg = Debug|Win32
		{08D97CCB-FF2F-39D8-AC94-927DF683DFBF}.Debug|x86.Build.0 = Debug|Win32
		{08D97CCB-FF2F-39D8-AC94-927DF683DFBF}.MinSizeRel|x64.ActiveCfg = MinSizeRel|x64
		{08D97CCB-FF2F-39D8-AC94-927DF683DFBF}.MinSizeRel|x64.Build.0 = MinSizeRel|x64
		{08D97CCB-FF2F-39D8-AC94-927DF683DFBF}.MinSizeRel|x86.ActiveCfg = MinSizeRel|Win32
		{08D97CCB-FF2F-39D8-AC94-927DF683DFBF}.MinSizeRel|x86.Build.0 = MinSizeRel|Win32
		{08D97CCB-FF2F-39D8-AC94-927DF683DFBF}.Release|x64.ActiveCfg = Release|x64
		{08D97CCB-FF2F-39D8-AC94-927DF683DFBF}.Release|x64.Build.0 = Release|x64
		{08D97CCB-FF2F-39D8-AC94-927DF683DFBF}.Release|x86.ActiveCfg = Release|Win32
		{08D97CCB-FF2F-39D8-AC94-927DF683DFBF}.Release|x86.Build.0 = Release|Win32
		{08D97CCB-FF2F-39D8-AC94-927DF683DFBF}.RelWithDebInfo|x64.ActiveCfg = RelWithDebInfo|x64
		{08D97CCB-FF2F-39D8-AC94-927DF683DFBF}.RelWithDebInfo|x64.Build.0 = RelWithDebInfo|x64
		{08D97CCB-FF2F-39D8-AC94-927DF683DFBF}.RelWithDebInfo|x86.ActiveCfg = RelWithDebInfo|Win32
		{08D97CCB-FF2F-39D8-AC94-927DF683DFBF}.RelWithDebInfo|x86.Build.0 = RelWithDebInfo|Win32
		{7AC75CB2-1BE6-31B5-90A4-83FBC16773AD}.Debug|x64.ActiveCfg = Debug|x64
		{7AC75CB2-1BE6-31B5-90A4-83FBC16773AD}.Debug|x64.Build.0 = Debug|x64
		{7AC75CB2-1BE6-31B5-90A4-83FBC16773AD}.Debug|x86.ActiveCfg = Debug|Win32
		{7AC75CB2-1BE6-31B5-90A4-83FBC16773AD}.Debug|x86.Build.0 = Debug|Win32
		{7AC75CB2-1BE6-31B5-90A4-83FBC16773AD}.MinSizeRel|x64.ActiveCfg = MinSizeRel|x64
		{7AC75CB2-1BE6-31B5-90A4-83FBC16773AD}.MinSizeRel|x64.Build.0 = MinSizeRel|x64
		{7AC75CB2-1BE6-31B5-90A4-83FBC16773AD}.MinSizeRel|x86.ActiveCfg = MinSizeRel|Win32
		{7AC75CB2-1BE6-31B5-90A4-83FBC16773AD}.MinSizeRel|x86.Build.0 = MinSizeRel|Win32
		{7AC75CB2-1BE6-31B5-90A4-83FBC16773AD}.Release|x64.ActiveCfg = Release|x64
		{7AC75CB2-1BE6-31B5-90A4-83FBC16773AD}.Release|x64.Build.0 = Release|x64
		{7AC75CB2-1BE6-31B5-90A4-83FBC16773AD}.Release|x86.ActiveCfg = Release|Win32
		{7AC75CB2-1BE6-31B5-90A4-83FBC16773AD}.Release|x86.Build.0 = Release|Win32
		{7AC75CB2-1BE6-31B5-90A4-83FBC16773AD}.RelWithDebInfo|x64.ActiveCfg = RelWithDebInfo|x64
		{7AC75CB2-1BE6-31B5-90A4-83FBC16773AD}.RelWithDebInfo|x64.Build.0 = RelWithDebInfo|x64
		{7AC75CB2-1BE6-31B5-90A4-83FBC16773AD}.RelWithDebInfo|x86.ActiveCfg = RelWithDebInfo|Win32
		{7AC75CB2-1BE6-31B5-90A4-83FBC16773AD}.RelWithDebInfo|x86.Build.0 = RelWithDebInfo|Win32
	EndGlobalSection
	GlobalSection(SolutionProperties) = preSolution
		HideSolutionNode = FALSE
	EndGlobalSection
	GlobalSection(ExtensibilityGlobals) = postSolution
		Qt5Version = msvc2017_64
		SolutionGuid = {FED20BB8-6733-40D4-89A3-F13188E864AC}
	EndGlobalSection
EndGlobal
